
Microsoft Visual Studio Solution File, Format Version 12.00
# Visual Studio 14
VisualStudioVersion = 14.0.25420.1
MinimumVisualStudioVersion = 10.0.40219.1
Project("{FAE04EC0-301F-11D3-BF4B-00C04F79EFBC}") = "BashBook.CMS", "..\BashBook.CMS\BashBook.CMS.csproj", "{D49109C0-CF2D-4909-A70E-1FB473EFC2D7}"
EndProject
Project("{FAE04EC0-301F-11D3-BF4B-00C04F79EFBC}") = "BashBook.Model", "..\BashBook.Model\BashBook.Model.csproj", "{F20FCF53-DA5E-46D8-B866-789EAEC9095A}"
EndProject
Project("{FAE04EC0-301F-11D3-BF4B-00C04F79EFBC}") = "BashBook.DAL.EDM", "..\BashBook.DAL.EDM\BashBook.DAL.EDM.csproj", "{D4B683FD-40E2-4449-BC40-8B3302563638}"
EndProject
Global
	GlobalSection(SolutionConfigurationPlatforms) = preSolution
		Debug|Any CPU = Debug|Any CPU
		Release|Any CPU = Release|Any CPU
	EndGlobalSection
	GlobalSection(ProjectConfigurationPlatforms) = postSolution
		{D49109C0-CF2D-4909-A70E-1FB473EFC2D7}.Debug|Any CPU.ActiveCfg = Debug|Any CPU
		{D49109C0-CF2D-4909-A70E-1FB473EFC2D7}.Debug|Any CPU.Build.0 = Debug|Any CPU
		{D49109C0-CF2D-4909-A70E-1FB473EFC2D7}.Release|Any CPU.ActiveCfg = Release|Any CPU
		{D49109C0-CF2D-4909-A70E-1FB473EFC2D7}.Release|Any CPU.Build.0 = Release|Any CPU
		{F20FCF53-DA5E-46D8-B866-789EAEC9095A}.Debug|Any CPU.ActiveCfg = Debug|Any CPU
		{F20FCF53-DA5E-46D8-B866-789EAEC9095A}.Debug|Any CPU.Build.0 = Debug|Any CPU
		{F20FCF53-DA5E-46D8-B866-789EAEC9095A}.Release|Any CPU.ActiveCfg = Release|Any CPU
		{F20FCF53-DA5E-46D8-B866-789EAEC9095A}.Release|Any CPU.Build.0 = Release|Any CPU
		{D4B683FD-40E2-4449-BC40-8B3302563638}.Debug|Any CPU.ActiveCfg = Debug|Any CPU
		{D4B683FD-40E2-4449-BC40-8B3302563638}.Debug|Any CPU.Build.0 = Debug|Any CPU
		{D4B683FD-40E2-4449-BC40-8B3302563638}.Release|Any CPU.ActiveCfg = Release|Any CPU
		{D4B683FD-40E2-4449-BC40-8B3302563638}.Release|Any CPU.Build.0 = Release|Any CPU
	EndGlobalSection
	GlobalSection(SolutionProperties) = preSolution
		HideSolutionNode = FALSE
	EndGlobalSection
EndGlobal
